
Microsoft Visual Studio Solution File, Format Version 12.00
# Visual Studio Version 16
VisualStudioVersion = 16.0.30611.23
MinimumVisualStudioVersion = 10.0.40219.1
Project("{FAE04EC0-301F-11D3-BF4B-00C04F79EFBC}") = "KCPLit", "KCPLit.csproj", "{34DB36B7-9032-4181-B8B4-D90A4E2F337D}"
EndProject
Global
	GlobalSection(SolutionConfigurationPlatforms) = preSolution
		Debug|Any CPU = Debug|Any CPU
		Release|Any CPU = Release|Any CPU
	EndGlobalSection
	GlobalSection(ProjectConfigurationPlatforms) = postSolution
		{34DB36B7-9032-4181-B8B4-D90A4E2F337D}.Debug|Any CPU.ActiveCfg = Debug|Any CPU
		{34DB36B7-9032-4181-B8B4-D90A4E2F337D}.Debug|Any CPU.Build.0 = Debug|Any CPU
		{34DB36B7-9032-4181-B8B4-D90A4E2F337D}.Release|Any CPU.ActiveCfg = Release|Any CPU
		{34DB36B7-9032-4181-B8B4-D90A4E2F337D}.Release|Any CPU.Build.0 = Release|Any CPU
	EndGlobalSection
	GlobalSection(SolutionProperties) = preSolution
		HideSolutionNode = FALSE
	EndGlobalSection
	GlobalSection(ExtensibilityGlobals) = postSolution
		SolutionGuid = {5DCE1B15-58A8-4FC9-BA56-F5057811E371}
	EndGlobalSection
EndGlobal
